
Microsoft Visual Studio Solution File, Format Version 12.00
# Visual Studio Version 17
VisualStudioVersion = 17.14.36603.0 d17.14
MinimumVisualStudioVersion = 10.0.40219.1
Project("{FAE04EC0-301F-11D3-BF4B-00C04F79EFBC}") = "PomodoroApp2", "PomodoroApp2.csproj", "{35C0C9C3-B839-4ADF-A586-59D39934BD76}"
EndProject
Global
	GlobalSection(SolutionConfigurationPlatforms) = preSolution
		Debug|Any CPU = Debug|Any CPU
		Release|Any CPU = Release|Any CPU
	EndGlobalSection
	GlobalSection(ProjectConfigurationPlatforms) = postSolution
		{35C0C9C3-B839-4ADF-A586-59D39934BD76}.Debug|Any CPU.ActiveCfg = Debug|Any CPU
		{35C0C9C3-B839-4ADF-A586-59D39934BD76}.Debug|Any CPU.Build.0 = Debug|Any CPU
		{35C0C9C3-B839-4ADF-A586-59D39934BD76}.Release|Any CPU.ActiveCfg = Release|Any CPU
		{35C0C9C3-B839-4ADF-A586-59D39934BD76}.Release|Any CPU.Build.0 = Release|Any CPU
	EndGlobalSection
	GlobalSection(SolutionProperties) = preSolution
		HideSolutionNode = FALSE
	EndGlobalSection
	GlobalSection(ExtensibilityGlobals) = postSolution
		SolutionGuid = {55E1ADFA-2C88-4770-8C89-9A26F557FF5E}
	EndGlobalSection
EndGlobal
